{
    "name": "reloadly-ui",
    "version": "1.0.0",
    "lockfileVersion": 3,
    "requires": true,
    "packages": {
        "": {
            "name": "reloadly-ui",
            "version": "1.0.0",
            "license": "MIT",
            "peerDependencies": {
                "@angular/common": "^15.0.0",
                "@angular/core": "^15.0.0",
                "@swimlane/ngx-datatable": "^20.1.0",
                "bulma": "^0.9.4"
            }
        },
        "node_modules/@angular/common": {
            "version": "15.2.9",
            "resolved": "https://registry.npmjs.org/@angular/common/-/common-15.2.9.tgz",
            "integrity": "sha512-LM9/UHG2dRrOzlu2KovrFwWIziFMjRxHzSP3Igw6Symw/wIl0kXGq8Fn6RpFP78zmLqnv+IQOoRiby9MCXsI4g==",
            "peer": true,
            "dependencies": {
                "tslib": "^2.3.0"
            },
            "engines": {
                "node": "^14.20.0 || ^16.13.0 || >=18.10.0"
            },
            "peerDependencies": {
                "@angular/core": "15.2.9",
                "rxjs": "^6.5.3 || ^7.4.0"
            }
        },
        "node_modules/@angular/core": {
            "version": "15.2.9",
            "resolved": "https://registry.npmjs.org/@angular/core/-/core-15.2.9.tgz",
            "integrity": "sha512-w46Z1yUXCQfKV7XfnamOoLA2VD0MVUUYVrUjO73mHSskDXSXxfZAEHO9kfUS71Cj35PvhP3mbkqWscpea2WeYg==",
            "peer": true,
            "dependencies": {
                "tslib": "^2.3.0"
            },
            "engines": {
                "node": "^14.20.0 || ^16.13.0 || >=18.10.0"
            },
            "peerDependencies": {
                "rxjs": "^6.5.3 || ^7.4.0",
                "zone.js": "~0.11.4 || ~0.12.0 || ~0.13.0"
            }
        },
        "node_modules/@angular/platform-browser": {
            "version": "16.1.1",
            "resolved": "https://registry.npmjs.org/@angular/platform-browser/-/platform-browser-16.1.1.tgz",
            "integrity": "sha512-9zeB64wbAsoun7+rP6G8e1TY+1nC0sEaGdLzBv9ohOrFgkl8XgM+uNDiwkDLsBJkv10d2n6Tw14M9GaCL9AhVw==",
            "peer": true,
            "dependencies": {
                "tslib": "^2.3.0"
            },
            "engines": {
                "node": "^16.14.0 || >=18.10.0"
            },
            "peerDependencies": {
                "@angular/animations": "16.1.1",
                "@angular/common": "16.1.1",
                "@angular/core": "16.1.1"
            },
            "peerDependenciesMeta": {
                "@angular/animations": {
                    "optional": true
                }
            }
        },
        "node_modules/@swimlane/ngx-datatable": {
            "version": "20.1.0",
            "resolved": "https://registry.npmjs.org/@swimlane/ngx-datatable/-/ngx-datatable-20.1.0.tgz",
            "integrity": "sha512-oHnnx1QRNmv10l5UME13v5JP3M3GesM9K3QH6TRYo2C7UbbhY7vL5EZ4HGqcvtMMW4FOzqNOSltE++IVL99F3g==",
            "peer": true,
            "dependencies": {
                "tslib": "^2.0.0"
            },
            "peerDependencies": {
                "@angular/common": ">=11.0.2",
                "@angular/core": ">=11.0.2",
                "@angular/platform-browser": ">=11.0.2",
                "rxjs": "^6.6.3 || ^7.4.0"
            }
        },
        "node_modules/bulma": {
            "version": "0.9.4",
            "resolved": "https://registry.npmjs.org/bulma/-/bulma-0.9.4.tgz",
            "integrity": "sha512-86FlT5+1GrsgKbPLRRY7cGDg8fsJiP/jzTqXXVqiUZZ2aZT8uemEOHlU1CDU+TxklPEZ11HZNNWclRBBecP4CQ==",
            "peer": true
        },
        "node_modules/rxjs": {
            "version": "7.8.1",
            "resolved": "https://registry.npmjs.org/rxjs/-/rxjs-7.8.1.tgz",
            "integrity": "sha512-AA3TVj+0A2iuIoQkWEK/tqFjBq2j+6PO6Y0zJcvzLAFhEFIO3HL0vls9hWLncZbAAbK0mar7oZ4V079I/qPMxg==",
            "peer": true,
            "dependencies": {
                "tslib": "^2.1.0"
            }
        },
        "node_modules/tslib": {
            "version": "2.5.3",
            "resolved": "https://registry.npmjs.org/tslib/-/tslib-2.5.3.tgz",
            "integrity": "sha512-mSxlJJwl3BMEQCUNnxXBU9jP4JBktcEGhURcPR6VQVlnP0FdDEsIaz0C35dXNGLyRfrATNofF0F5p2KPxQgB+w==",
            "peer": true
        },
        "node_modules/zone.js": {
            "version": "0.13.1",
            "resolved": "https://registry.npmjs.org/zone.js/-/zone.js-0.13.1.tgz",
            "integrity": "sha512-+bIeDAFEBYuXRuU3qGQvzdPap+N1zjM4KkBAiiQuVVCrHrhjDuY6VkUhNa5+U27+9w0q3fbKiMCbpJ0XzMmSWA==",
            "peer": true,
            "dependencies": {
                "tslib": "^2.3.0"
            }
        }
    }
}
