{
    "name": "reloadly-ui",
    "version": "1.0.0",
    "lockfileVersion": 3,
    "requires": true,
    "packages": {
        "": {
            "name": "reloadly-ui",
            "version": "1.0.0",
            "license": "MIT",
            "dependencies": {
                "bulma": "^0.9.4"
            },
            "peerDependencies": {
                "@angular/common": "^16.0.2",
                "@angular/core": "^16.0.2"
            }
        },
        "node_modules/@angular/common": {
            "version": "16.0.2",
            "resolved": "https://nexus.reloadly.com/repository/npm-all/@angular/common/-/common-16.0.2.tgz",
            "integrity": "sha512-nCuDnsHNmC5ouQWTKtUaI8HG4gEzBJW94uf0kBfYP6SEENDMybATBTvWWTnuqSTDolyYSDkgvV0tKRb87SBykg==",
            "license": "MIT",
            "peer": true,
            "dependencies": {
                "tslib": "^2.3.0"
            },
            "engines": {
                "node": "^16.14.0 || >=18.10.0"
            },
            "peerDependencies": {
                "@angular/core": "16.0.2",
                "rxjs": "^6.5.3 || ^7.4.0"
            }
        },
        "node_modules/@angular/core": {
            "version": "16.0.2",
            "resolved": "https://nexus.reloadly.com/repository/npm-all/@angular/core/-/core-16.0.2.tgz",
            "integrity": "sha512-uPa2A+nVqwljDepahMn2ndgWg/a14VnTqgunXJP9q/Us98I/YGdryake4aTfXHUAdLON/R9IzomiXeFDYp5cJQ==",
            "license": "MIT",
            "peer": true,
            "dependencies": {
                "tslib": "^2.3.0"
            },
            "engines": {
                "node": "^16.14.0 || >=18.10.0"
            },
            "peerDependencies": {
                "rxjs": "^6.5.3 || ^7.4.0",
                "zone.js": "~0.13.0"
            }
        },
        "node_modules/bulma": {
            "version": "0.9.4",
            "resolved": "https://nexus.reloadly.com/repository/npm-all/bulma/-/bulma-0.9.4.tgz",
            "integrity": "sha512-86FlT5+1GrsgKbPLRRY7cGDg8fsJiP/jzTqXXVqiUZZ2aZT8uemEOHlU1CDU+TxklPEZ11HZNNWclRBBecP4CQ==",
            "license": "MIT"
        },
        "node_modules/rxjs": {
            "version": "7.8.1",
            "resolved": "https://nexus.reloadly.com/repository/npm-all/rxjs/-/rxjs-7.8.1.tgz",
            "integrity": "sha512-AA3TVj+0A2iuIoQkWEK/tqFjBq2j+6PO6Y0zJcvzLAFhEFIO3HL0vls9hWLncZbAAbK0mar7oZ4V079I/qPMxg==",
            "license": "Apache-2.0",
            "peer": true,
            "dependencies": {
                "tslib": "^2.1.0"
            }
        },
        "node_modules/tslib": {
            "version": "2.5.2",
            "resolved": "https://nexus.reloadly.com/repository/npm-all/tslib/-/tslib-2.5.2.tgz",
            "integrity": "sha512-5svOrSA2w3iGFDs1HibEVBGbDrAY82bFQ3HZ3ixB+88nsbsWQoKqDRb5UBYAUPEzbBn6dAp5gRNXglySbx1MlA==",
            "license": "0BSD",
            "peer": true
        },
        "node_modules/zone.js": {
            "version": "0.13.0",
            "resolved": "https://nexus.reloadly.com/repository/npm-all/zone.js/-/zone.js-0.13.0.tgz",
            "integrity": "sha512-7m3hNNyswsdoDobCkYNAy5WiUulkMd3+fWaGT9ij6iq3Zr/IwJo4RMCYPSDjT+r7tnPErmY9sZpKhWQ8S5k6XQ==",
            "license": "MIT",
            "peer": true,
            "dependencies": {
                "tslib": "^2.3.0"
            }
        }
    }
}
