{
    "name": "reloadly-ui",
    "version": "1.0.0",
    "lockfileVersion": 3,
    "requires": true,
    "packages": {
        "": {
            "name": "reloadly-ui",
            "version": "1.0.0",
            "license": "MIT",
            "dependencies": {
                "@swimlane/ngx-datatable": "^20.1.0",
                "ngx-intl-tel-input": "^3.2.0"
            },
            "peerDependencies": {
                "@angular/common": "^16.0.2",
                "@angular/core": "^16.0.2",
                "bulma": "^0.9.4"
            }
        },
        "node_modules/@angular/common": {
            "version": "16.0.3",
            "resolved": "https://nexus.reloadly.com/repository/npm-all/@angular/common/-/common-16.0.3.tgz",
            "integrity": "sha512-pN1Mz2xwPs9+W3i+wBletdPMJC+exP9dCdy+iSG5pwpvii1jF3CbstHAPE/pmsoUlQ9nN+vrFowDAXVV7FQpWw==",
            "license": "MIT",
            "peer": true,
            "dependencies": {
                "tslib": "^2.3.0"
            },
            "engines": {
                "node": "^16.14.0 || >=18.10.0"
            },
            "peerDependencies": {
                "@angular/core": "16.0.3",
                "rxjs": "^6.5.3 || ^7.4.0"
            }
        },
        "node_modules/@angular/core": {
            "version": "16.0.3",
            "resolved": "https://nexus.reloadly.com/repository/npm-all/@angular/core/-/core-16.0.3.tgz",
            "integrity": "sha512-vaUOLgDk03aKDHX6jtv4NEDB6gEBCXvgTpvsTmDUXcCa9WxyXs4Ak22q9ZyNln8/7UG5Uo1gTn90FlOAh9jHww==",
            "license": "MIT",
            "peer": true,
            "dependencies": {
                "tslib": "^2.3.0"
            },
            "engines": {
                "node": "^16.14.0 || >=18.10.0"
            },
            "peerDependencies": {
                "rxjs": "^6.5.3 || ^7.4.0",
                "zone.js": "~0.13.0"
            }
        },
        "node_modules/@angular/forms": {
            "version": "13.4.0",
            "resolved": "https://nexus.reloadly.com/repository/npm-all/@angular/forms/-/forms-13.4.0.tgz",
            "integrity": "sha512-vWd438sPlESLAv+cPFEZwF5aa8cF9Gt9zofLe3Ep9v9YIv2naVkv7pxCu0KFyvbBHAT7THbZfyypuvYsYNI3rw==",
            "license": "MIT",
            "peer": true,
            "dependencies": {
                "tslib": "^2.3.0"
            },
            "engines": {
                "node": "^12.20.0 || ^14.15.0 || >=16.10.0"
            },
            "peerDependencies": {
                "@angular/common": "13.4.0",
                "@angular/core": "13.4.0",
                "@angular/platform-browser": "13.4.0",
                "rxjs": "^6.5.3 || ^7.4.0"
            }
        },
        "node_modules/@angular/platform-browser": {
            "version": "13.4.0",
            "resolved": "https://nexus.reloadly.com/repository/npm-all/@angular/platform-browser/-/platform-browser-13.4.0.tgz",
            "integrity": "sha512-kq4TpdkSS0Z/7ToFzWhyBbh4Ai1uOKFVdL9/TAm19dLnYNIInrN3KYW6GRxZ+pkJJA9Vkq4NtgcxysQ42VFotA==",
            "license": "MIT",
            "peer": true,
            "dependencies": {
                "tslib": "^2.3.0"
            },
            "engines": {
                "node": "^12.20.0 || ^14.15.0 || >=16.10.0"
            },
            "peerDependencies": {
                "@angular/animations": "13.4.0",
                "@angular/common": "13.4.0",
                "@angular/core": "13.4.0"
            },
            "peerDependenciesMeta": {
                "@angular/animations": {
                    "optional": true
                }
            }
        },
        "node_modules/@swimlane/ngx-datatable": {
            "version": "20.1.0",
            "resolved": "https://nexus.reloadly.com/repository/npm-all/@swimlane/ngx-datatable/-/ngx-datatable-20.1.0.tgz",
            "integrity": "sha512-oHnnx1QRNmv10l5UME13v5JP3M3GesM9K3QH6TRYo2C7UbbhY7vL5EZ4HGqcvtMMW4FOzqNOSltE++IVL99F3g==",
            "license": "MIT",
            "dependencies": {
                "tslib": "^2.0.0"
            },
            "peerDependencies": {
                "@angular/common": ">=11.0.2",
                "@angular/core": ">=11.0.2",
                "@angular/platform-browser": ">=11.0.2",
                "rxjs": "^6.6.3 || ^7.4.0"
            }
        },
        "node_modules/bulma": {
            "version": "0.9.4",
            "resolved": "https://nexus.reloadly.com/repository/npm-all/bulma/-/bulma-0.9.4.tgz",
            "integrity": "sha512-86FlT5+1GrsgKbPLRRY7cGDg8fsJiP/jzTqXXVqiUZZ2aZT8uemEOHlU1CDU+TxklPEZ11HZNNWclRBBecP4CQ==",
            "license": "MIT",
            "peer": true
        },
        "node_modules/google-libphonenumber": {
            "version": "3.2.32",
            "resolved": "https://nexus.reloadly.com/repository/npm-all/google-libphonenumber/-/google-libphonenumber-3.2.32.tgz",
            "integrity": "sha512-mcNgakausov/B/eTgVeX8qc8IwWjRrupk9UzZZ/QDEvdh5fAjE7Aa211bkZpZj42zKkeS6MTT8avHUwjcLxuGQ==",
            "license": "(MIT AND Apache-2.0)",
            "peer": true,
            "engines": {
                "node": ">=0.10"
            }
        },
        "node_modules/intl-tel-input": {
            "version": "17.0.21",
            "resolved": "https://nexus.reloadly.com/repository/npm-all/intl-tel-input/-/intl-tel-input-17.0.21.tgz",
            "integrity": "sha512-TfyPxLe41QZPOf6RqBxRE2dpQ0FThB/PBD/gRbxVhGW7IuYg30QD90x/vjmEo4vkZw7j8etxpVcjIZVRcG+Otw==",
            "license": "MIT",
            "peer": true
        },
        "node_modules/ngx-bootstrap": {
            "version": "6.2.0",
            "resolved": "https://nexus.reloadly.com/repository/npm-all/ngx-bootstrap/-/ngx-bootstrap-6.2.0.tgz",
            "integrity": "sha512-5WKHo6/ltkenw4UyXZwED8rODCgp2RGbWurzYzZsF/gH1JO5SN7TJ+AL6kXYk6XM42sDA2WhN9Db+ZPNjiyHnA==",
            "license": "MIT",
            "peer": true,
            "peerDependencies": {
                "@angular/common": ">=7.0.0",
                "@angular/core": ">=7.0.0"
            }
        },
        "node_modules/ngx-intl-tel-input": {
            "version": "3.2.0",
            "resolved": "https://nexus.reloadly.com/repository/npm-all/ngx-intl-tel-input/-/ngx-intl-tel-input-3.2.0.tgz",
            "integrity": "sha512-TM3R0Az+F63eNCBj+NpR6UzJYg4FkHxDrS2hfeFoHJymMc4+DlqB581g4tPil4IkMetlR+jaAtEcqKiqmYGYlw==",
            "license": "MIT",
            "dependencies": {
                "tslib": "^2.3.0"
            },
            "peerDependencies": {
                "@angular/common": "8.x - 13.x",
                "@angular/core": "8.x - 13.x",
                "@angular/forms": "8.x - 13.x",
                "google-libphonenumber": "^3.2.3",
                "intl-tel-input": "^17.0.3",
                "ngx-bootstrap": "^6.0.0"
            }
        },
        "node_modules/rxjs": {
            "version": "7.8.1",
            "resolved": "https://nexus.reloadly.com/repository/npm-all/rxjs/-/rxjs-7.8.1.tgz",
            "integrity": "sha512-AA3TVj+0A2iuIoQkWEK/tqFjBq2j+6PO6Y0zJcvzLAFhEFIO3HL0vls9hWLncZbAAbK0mar7oZ4V079I/qPMxg==",
            "license": "Apache-2.0",
            "peer": true,
            "dependencies": {
                "tslib": "^2.1.0"
            }
        },
        "node_modules/tslib": {
            "version": "2.5.2",
            "resolved": "https://nexus.reloadly.com/repository/npm-all/tslib/-/tslib-2.5.2.tgz",
            "integrity": "sha512-5svOrSA2w3iGFDs1HibEVBGbDrAY82bFQ3HZ3ixB+88nsbsWQoKqDRb5UBYAUPEzbBn6dAp5gRNXglySbx1MlA==",
            "license": "0BSD"
        },
        "node_modules/zone.js": {
            "version": "0.13.0",
            "resolved": "https://nexus.reloadly.com/repository/npm-all/zone.js/-/zone.js-0.13.0.tgz",
            "integrity": "sha512-7m3hNNyswsdoDobCkYNAy5WiUulkMd3+fWaGT9ij6iq3Zr/IwJo4RMCYPSDjT+r7tnPErmY9sZpKhWQ8S5k6XQ==",
            "license": "MIT",
            "peer": true,
            "dependencies": {
                "tslib": "^2.3.0"
            }
        }
    }
}
